PODS:
  - ChameleonFramework (2.1.0):
    - ChameleonFramework/Default (= 2.1.0)
  - ChameleonFramework/Default (2.1.0)
  - Classy (1.0.0)
  - DZNEmptyDataSet (1.8.1)
  - IGListKit (3.4.0):
    - IGListKit/Default (= 3.4.0)
  - IGListKit/Default (3.4.0):
    - IGListKit/Diffing
  - IGListKit/Diffing (3.4.0)
  - IQKeyboardManager (6.2.0)
  - MagicalRecord (2.3.2):
    - MagicalRecord/Core (= 2.3.2)
  - MagicalRecord/Core (2.3.2)
  - Masonry (1.1.0)
  - MGJRouter (0.10.0)
  - oc-string (0.0.2):
    - RegexKitLite (~> 4.0)
    - YYKit (~> 1.0.9)
  - pop (1.0.12)
  - ReactiveObjC (3.1.0)
  - RegexKitLite (4.0)
  - SDWebImage (4.4.3):
    - SDWebImage/Core (= 4.4.3)
  - SDWebImage/Core (4.4.3)
  - SVProgressHUD (2.2.5)
  - ui-base (0.0.5):
    - ChameleonFramework
    - Classy
    - IQKeyboardManager
    - Masonry
    - oc-string
    - pop
    - SDWebImage
    - SVProgressHUD (~> 2.2.5)
    - YYKit
  - YYKit (1.0.9):
    - YYKit/no-arc (= 1.0.9)
  - YYKit/no-arc (1.0.9)

DEPENDENCIES:
  - DZNEmptyDataSet
  - IGListKit
  - MagicalRecord
  - MGJRouter
  - oc-string (from `../../base/oc-string/oc-string.podspec`)
  - ReactiveObjC
  - ui-base (from `../../ui/ui-base/ui-base.podspec`)

SPEC REPOS:
  https://github.com/cocoapods/specs.git:
    - ChameleonFramework
    - Classy
    - DZNEmptyDataSet
    - IGListKit
    - IQKeyboardManager
    - MagicalRecord
    - Masonry
    - MGJRouter
    - pop
    - ReactiveObjC
    - RegexKitLite
    - SDWebImage
    - SVProgressHUD
    - YYKit

EXTERNAL SOURCES:
  oc-string:
    :podspec: "../../base/oc-string/oc-string.podspec"
  ui-base:
    :podspec: "../../ui/ui-base/ui-base.podspec"

SPEC CHECKSUMS:
  ChameleonFramework: d21a3cc247abfe5e37609a283a8238b03575cf64
  Classy: bbe2436d6872dfeda5eaa2a3c3d705a9c30b1709
  DZNEmptyDataSet: 9525833b9e68ac21c30253e1d3d7076cc828eaa7
  IGListKit: 7a5d788e9fb746bcd402baa8e8b24bc3bd2a5a07
  IQKeyboardManager: 6194101620b73af5e67900b8f89707a99de0b804
  MagicalRecord: 53bed74b4323b930992a725be713e53b37d19755
  Masonry: 678fab65091a9290e40e2832a55e7ab731aad201
  MGJRouter: 15d94541eb2cc81eff7d577337288feb7ae9575f
  oc-string: 4e9677676cc379ee3521af685a578661d6727fe4
  pop: d582054913807fd11fd50bfe6a539d91c7e1a55a
  ReactiveObjC: 2a38ea15335de4119d8b17caf1db1484f61db902
  RegexKitLite: c0e4c12e6e7de0769f3a3ed679f0f61604170661
  SDWebImage: c5594f1a19c48d526d321e548902b56b479cd508
  SVProgressHUD: 1428aafac632c1f86f62aa4243ec12008d7a51d6
  ui-base: 992bf482cac788739b741c28d1be499d9fbac374
  YYKit: 7cda43304a8dc3696c449041e2cb3107b4e236e7

PODFILE CHECKSUM: 56540f2b90e172f9c67ae9ca15c5afd7f70595a8

COCOAPODS: 1.5.3
